
Microsoft Visual Studio Solution File, Format Version 12.00
# Visual Studio Version 17
VisualStudioVersion = 17.7.34221.43
MinimumVisualStudioVersion = 10.0.40219.1
Project("{FAE04EC0-301F-11D3-BF4B-00C04F79EFBC}") = "Wema.BIT.Array", "Wema.BIT.Array.csproj", "{84DE94F8-558C-471B-A2B9-FA91B81E5AE7}"
EndProject
Global
	GlobalSection(SolutionConfigurationPlatforms) = preSolution
		Debug|Any CPU = Debug|Any CPU
		Release|Any CPU = Release|Any CPU
	EndGlobalSection
	GlobalSection(ProjectConfigurationPlatforms) = postSolution
		{84DE94F8-558C-471B-A2B9-FA91B81E5AE7}.Debug|Any CPU.ActiveCfg = Debug|Any CPU
		{84DE94F8-558C-471B-A2B9-FA91B81E5AE7}.Debug|Any CPU.Build.0 = Debug|Any CPU
		{84DE94F8-558C-471B-A2B9-FA91B81E5AE7}.Release|Any CPU.ActiveCfg = Release|Any CPU
		{84DE94F8-558C-471B-A2B9-FA91B81E5AE7}.Release|Any CPU.Build.0 = Release|Any CPU
	EndGlobalSection
	GlobalSection(SolutionProperties) = preSolution
		HideSolutionNode = FALSE
	EndGlobalSection
	GlobalSection(ExtensibilityGlobals) = postSolution
		SolutionGuid = {B247A26B-29E6-4452-9741-0DED3C690612}
	EndGlobalSection
EndGlobal
